
Microsoft Visual Studio Solution File, Format Version 12.00
# Visual Studio Version 17
VisualStudioVersion = 17.0.31612.314
MinimumVisualStudioVersion = 10.0.40219.1
Project("{FAE04EC0-301F-11D3-BF4B-00C04F79EFBC}") = "MVCAssignment", "MVCAssignment.csproj", "{4BAB4BF1-226B-4386-A490-CD175358538B}"
EndProject
Global
	GlobalSection(SolutionConfigurationPlatforms) = preSolution
		Debug|Any CPU = Debug|Any CPU
		Release|Any CPU = Release|Any CPU
	EndGlobalSection
	GlobalSection(ProjectConfigurationPlatforms) = postSolution
		{4BAB4BF1-226B-4386-A490-CD175358538B}.Debug|Any CPU.ActiveCfg = Debug|Any CPU
		{4BAB4BF1-226B-4386-A490-CD175358538B}.Debug|Any CPU.Build.0 = Debug|Any CPU
		{4BAB4BF1-226B-4386-A490-CD175358538B}.Release|Any CPU.ActiveCfg = Release|Any CPU
		{4BAB4BF1-226B-4386-A490-CD175358538B}.Release|Any CPU.Build.0 = Release|Any CPU
	EndGlobalSection
	GlobalSection(SolutionProperties) = preSolution
		HideSolutionNode = FALSE
	EndGlobalSection
	GlobalSection(ExtensibilityGlobals) = postSolution
		SolutionGuid = {7C801347-F2E1-4BF5-9175-420AAF36C3B9}
	EndGlobalSection
EndGlobal
